
Microsoft Visual Studio Solution File, Format Version 12.00
# Visual Studio 15
VisualStudioVersion = 15.0.26430.14
MinimumVisualStudioVersion = 10.0.40219.1
Project("{FAE04EC0-301F-11D3-BF4B-00C04F79EFBC}") = "NeuralNetworkForms", "NeuralNetworkForms\NeuralNetworkForms.csproj", "{D656D2BD-C762-4AFA-B919-E4A2F6029C1B}"
EndProject
Global
	GlobalSection(SolutionConfigurationPlatforms) = preSolution
		Debug|Any CPU = Debug|Any CPU
		Release|Any CPU = Release|Any CPU
	EndGlobalSection
	GlobalSection(ProjectConfigurationPlatforms) = postSolution
		{D656D2BD-C762-4AFA-B919-E4A2F6029C1B}.Debug|Any CPU.ActiveCfg = Debug|Any CPU
		{D656D2BD-C762-4AFA-B919-E4A2F6029C1B}.Debug|Any CPU.Build.0 = Debug|Any CPU
		{D656D2BD-C762-4AFA-B919-E4A2F6029C1B}.Release|Any CPU.ActiveCfg = Release|Any CPU
		{D656D2BD-C762-4AFA-B919-E4A2F6029C1B}.Release|Any CPU.Build.0 = Release|Any CPU
	EndGlobalSection
	GlobalSection(SolutionProperties) = preSolution
		HideSolutionNode = FALSE
	EndGlobalSection
	GlobalSection(ExtensibilityGlobals) = postSolution
		SolutionGuid = {5DEF1C20-EC1B-45C6-8397-F7D173501A96}
	EndGlobalSection
EndGlobal
